
Microsoft Visual Studio Solution File, Format Version 12.00
# Visual Studio Version 17
VisualStudioVersion = 17.7.34031.279
MinimumVisualStudioVersion = 10.0.40219.1
Project("{FAE04EC0-301F-11D3-BF4B-00C04F79EFBC}") = "E7", "E7\E7.csproj", "{18FC2602-326C-4343-9C69-31A43DB6E585}"
EndProject
Global
	GlobalSection(SolutionConfigurationPlatforms) = preSolution
		Debug|Any CPU = Debug|Any CPU
		Release|Any CPU = Release|Any CPU
	EndGlobalSection
	GlobalSection(ProjectConfigurationPlatforms) = postSolution
		{18FC2602-326C-4343-9C69-31A43DB6E585}.Debug|Any CPU.ActiveCfg = Debug|Any CPU
		{18FC2602-326C-4343-9C69-31A43DB6E585}.Debug|Any CPU.Build.0 = Debug|Any CPU
		{18FC2602-326C-4343-9C69-31A43DB6E585}.Release|Any CPU.ActiveCfg = Release|Any CPU
		{18FC2602-326C-4343-9C69-31A43DB6E585}.Release|Any CPU.Build.0 = Release|Any CPU
	EndGlobalSection
	GlobalSection(SolutionProperties) = preSolution
		HideSolutionNode = FALSE
	EndGlobalSection
	GlobalSection(ExtensibilityGlobals) = postSolution
		SolutionGuid = {B6BCE3F9-45FB-48E3-9779-F7D2ED98958C}
	EndGlobalSection
EndGlobal
