
Microsoft Visual Studio Solution File, Format Version 12.00
# Visual Studio Version 17
VisualStudioVersion = 17.7.34031.279
MinimumVisualStudioVersion = 10.0.40219.1
Project("{FAE04EC0-301F-11D3-BF4B-00C04F79EFBC}") = "E1", "E1\E1.csproj", "{39DC13EE-8219-490B-B7B9-E86DC5C50CAF}"
EndProject
Global
	GlobalSection(SolutionConfigurationPlatforms) = preSolution
		Debug|Any CPU = Debug|Any CPU
		Release|Any CPU = Release|Any CPU
	EndGlobalSection
	GlobalSection(ProjectConfigurationPlatforms) = postSolution
		{39DC13EE-8219-490B-B7B9-E86DC5C50CAF}.Debug|Any CPU.ActiveCfg = Debug|Any CPU
		{39DC13EE-8219-490B-B7B9-E86DC5C50CAF}.Debug|Any CPU.Build.0 = Debug|Any CPU
		{39DC13EE-8219-490B-B7B9-E86DC5C50CAF}.Release|Any CPU.ActiveCfg = Release|Any CPU
		{39DC13EE-8219-490B-B7B9-E86DC5C50CAF}.Release|Any CPU.Build.0 = Release|Any CPU
	EndGlobalSection
	GlobalSection(SolutionProperties) = preSolution
		HideSolutionNode = FALSE
	EndGlobalSection
	GlobalSection(ExtensibilityGlobals) = postSolution
		SolutionGuid = {6E767B54-E874-429D-9168-40D4F31978F1}
	EndGlobalSection
EndGlobal
