
Microsoft Visual Studio Solution File, Format Version 12.00
# Visual Studio Version 17
VisualStudioVersion = 17.7.34031.279
MinimumVisualStudioVersion = 10.0.40219.1
Project("{FAE04EC0-301F-11D3-BF4B-00C04F79EFBC}") = "E6", "E6\E6.csproj", "{555A432B-79BF-4D77-8DCC-79D382D68E8A}"
EndProject
Global
	GlobalSection(SolutionConfigurationPlatforms) = preSolution
		Debug|Any CPU = Debug|Any CPU
		Release|Any CPU = Release|Any CPU
	EndGlobalSection
	GlobalSection(ProjectConfigurationPlatforms) = postSolution
		{555A432B-79BF-4D77-8DCC-79D382D68E8A}.Debug|Any CPU.ActiveCfg = Debug|Any CPU
		{555A432B-79BF-4D77-8DCC-79D382D68E8A}.Debug|Any CPU.Build.0 = Debug|Any CPU
		{555A432B-79BF-4D77-8DCC-79D382D68E8A}.Release|Any CPU.ActiveCfg = Release|Any CPU
		{555A432B-79BF-4D77-8DCC-79D382D68E8A}.Release|Any CPU.Build.0 = Release|Any CPU
	EndGlobalSection
	GlobalSection(SolutionProperties) = preSolution
		HideSolutionNode = FALSE
	EndGlobalSection
	GlobalSection(ExtensibilityGlobals) = postSolution
		SolutionGuid = {65F82E36-10F2-4D9A-A1A9-BD185E1E3A5D}
	EndGlobalSection
EndGlobal
